github.com/blang/vfs v1.0.0 h1:AUZUgulCDzbaNjTRWEP45X7m/J10brAptZpSRKRZBZc=
github.com/blang/vfs v1.0.0/go.mod h1:jjuNUc/IKcRNNWC9NUCvz4fR9PZLPIKxEygtPs/4tSI=
github.com/karelbilek/wazero-fs-tools v0.0.0-20240317201741-fc5622f5bd12 h1:2BGAdZ5gPGtRgLawYeDR2XTjWoi38kNYVF8vzrESQDw=
github.com/karelbilek/wazero-fs-tools v0.0.0-20240317201741-fc5622f5bd12/go.mod h1:Ed3NLyTuuJ7rNUITSo+wEvMbRLwYjslaE5w8q/UWoEA=
github.com/tetratelabs/wazero v1.7.0 h1:jg5qPydno59wqjpGrHph81lbtHzTrWzwwtD4cD88+hQ=
github.com/tetratelabs/wazero v1.7.0/go.mod h1:ytl6Zuh20R/eROuyDaGPkp82O9C/DJfXAwJfQ3X6/7Y=
